// !$*UTF8*$!
{
	archiveVersion = 1;
	classes = {
	};
	objectVersion = 56;
	objects = {

/* Begin PBXBuildFile section */
		1F954E9C2B6BABE6002C7C92 /* RequestModel.swift in Sources */ = {isa = PBXBuildFile; fileRef = 1F954E9B2B6BABE6002C7C92 /* RequestModel.swift */; };
		1F954E9F2B6BAE21002C7C92 /* Constants.swift in Sources */ = {isa = PBXBuildFile; fileRef = 1F954E9E2B6BAE21002C7C92 /* Constants.swift */; };
		1FAAF6062B62D7A700A5D74C /* PlayListModel.swift in Sources */ = {isa = PBXBuildFile; fileRef = 1FAAF6052B62D7A700A5D74C /* PlayListModel.swift */; };
		1FDF25112B63BA25003E4F61 /* VideoModel.swift in Sources */ = {isa = PBXBuildFile; fileRef = 1FDF25102B63BA25003E4F61 /* VideoModel.swift */; };
		1FDF25132B63CD6F003E4F61 /* ChannelModel.swift in Sources */ = {isa = PBXBuildFile; fileRef = 1FDF25122B63CD6F003E4F61 /* ChannelModel.swift */; };
		1FDF25152B63D011003E4F61 /* PlaylistItemsModel.swift in Sources */ = {isa = PBXBuildFile; fileRef = 1FDF25142B63D011003E4F61 /* PlaylistItemsModel.swift */; };
		1FDF25182B63D2AA003E4F61 /* RootPageViewController.swift in Sources */ = {isa = PBXBuildFile; fileRef = 1FDF25172B63D2AA003E4F61 /* RootPageViewController.swift */; };
		1FDF251A2B63D2D4003E4F61 /* MainViewController.swift in Sources */ = {isa = PBXBuildFile; fileRef = 1FDF25192B63D2D4003E4F61 /* MainViewController.swift */; };
		1FDF25222B63D48E003E4F61 /* HomeViewController.swift in Sources */ = {isa = PBXBuildFile; fileRef = 1FDF25202B63D48E003E4F61 /* HomeViewController.swift */; };
		1FDF25232B63D48E003E4F61 /* HomeViewController.xib in Resources */ = {isa = PBXBuildFile; fileRef = 1FDF25212B63D48E003E4F61 /* HomeViewController.xib */; };
		1FDF25262B63D4A3003E4F61 /* VideosViewController.swift in Sources */ = {isa = PBXBuildFile; fileRef = 1FDF25242B63D4A3003E4F61 /* VideosViewController.swift */; };
		1FDF25272B63D4A3003E4F61 /* VideosViewController.xib in Resources */ = {isa = PBXBuildFile; fileRef = 1FDF25252B63D4A3003E4F61 /* VideosViewController.xib */; };
		1FDF252A2B63D4B6003E4F61 /* PlaylistsViewController.swift in Sources */ = {isa = PBXBuildFile; fileRef = 1FDF25282B63D4B6003E4F61 /* PlaylistsViewController.swift */; };
		1FDF252B2B63D4B6003E4F61 /* PlaylistsViewController.xib in Resources */ = {isa = PBXBuildFile; fileRef = 1FDF25292B63D4B6003E4F61 /* PlaylistsViewController.xib */; };
		1FDF252E2B63D4CF003E4F61 /* ChannelsViewController.swift in Sources */ = {isa = PBXBuildFile; fileRef = 1FDF252C2B63D4CF003E4F61 /* ChannelsViewController.swift */; };
		1FDF252F2B63D4CF003E4F61 /* ChannelsViewController.xib in Resources */ = {isa = PBXBuildFile; fileRef = 1FDF252D2B63D4CF003E4F61 /* ChannelsViewController.xib */; };
		1FDF25322B63D4E1003E4F61 /* AboutViewController.swift in Sources */ = {isa = PBXBuildFile; fileRef = 1FDF25302B63D4E1003E4F61 /* AboutViewController.swift */; };
		1FDF25332B63D4E1003E4F61 /* AboutViewController.xib in Resources */ = {isa = PBXBuildFile; fileRef = 1FDF25312B63D4E1003E4F61 /* AboutViewController.xib */; };
		1FDFFE002B6972280015FC47 /* ServiceLayer.swift in Sources */ = {isa = PBXBuildFile; fileRef = 1FDFFDFF2B6972280015FC47 /* ServiceLayer.swift */; };
		1FDFFE022B69724B0015FC47 /* NetworkError.swift in Sources */ = {isa = PBXBuildFile; fileRef = 1FDFFE012B69724B0015FC47 /* NetworkError.swift */; };
		1FF36F1E2B6024B0004A879A /* AppDelegate.swift in Sources */ = {isa = PBXBuildFile; fileRef = 1FF36F1D2B6024B0004A879A /* AppDelegate.swift */; };
		1FF36F202B6024B0004A879A /* SceneDelegate.swift in Sources */ = {isa = PBXBuildFile; fileRef = 1FF36F1F2B6024B0004A879A /* SceneDelegate.swift */; };
		1FF36F222B6024B0004A879A /* ViewController.swift in Sources */ = {isa = PBXBuildFile; fileRef = 1FF36F212B6024B0004A879A /* ViewController.swift */; };
		1FF36F252B6024B0004A879A /* Main.storyboard in Resources */ = {isa = PBXBuildFile; fileRef = 1FF36F232B6024B0004A879A /* Main.storyboard */; };
		1FF36F272B6024B2004A879A /* Assets.xcassets in Resources */ = {isa = PBXBuildFile; fileRef = 1FF36F262B6024B2004A879A /* Assets.xcassets */; };
		1FF36F2A2B6024B2004A879A /* LaunchScreen.storyboard in Resources */ = {isa = PBXBuildFile; fileRef = 1FF36F282B6024B2004A879A /* LaunchScreen.storyboard */; };
/* End PBXBuildFile section */

/* Begin PBXFileReference section */
		1F954E9B2B6BABE6002C7C92 /* RequestModel.swift */ = {isa = PBXFileReference; lastKnownFileType = sourcecode.swift; path = RequestModel.swift; sourceTree = "<group>"; };
		1F954E9E2B6BAE21002C7C92 /* Constants.swift */ = {isa = PBXFileReference; lastKnownFileType = sourcecode.swift; path = Constants.swift; sourceTree = "<group>"; };
		1FAAF6052B62D7A700A5D74C /* PlayListModel.swift */ = {isa = PBXFileReference; lastKnownFileType = sourcecode.swift; path = PlayListModel.swift; sourceTree = "<group>"; };
		1FDF25102B63BA25003E4F61 /* VideoModel.swift */ = {isa = PBXFileReference; lastKnownFileType = sourcecode.swift; path = VideoModel.swift; sourceTree = "<group>"; };
		1FDF25122B63CD6F003E4F61 /* ChannelModel.swift */ = {isa = PBXFileReference; lastKnownFileType = sourcecode.swift; path = ChannelModel.swift; sourceTree = "<group>"; };
		1FDF25142B63D011003E4F61 /* PlaylistItemsModel.swift */ = {isa = PBXFileReference; lastKnownFileType = sourcecode.swift; path = PlaylistItemsModel.swift; sourceTree = "<group>"; };
		1FDF25172B63D2AA003E4F61 /* RootPageViewController.swift */ = {isa = PBXFileReference; lastKnownFileType = sourcecode.swift; path = RootPageViewController.swift; sourceTree = "<group>"; };
		1FDF25192B63D2D4003E4F61 /* MainViewController.swift */ = {isa = PBXFileReference; lastKnownFileType = sourcecode.swift; path = MainViewController.swift; sourceTree = "<group>"; };
		1FDF25202B63D48E003E4F61 /* HomeViewController.swift */ = {isa = PBXFileReference; lastKnownFileType = sourcecode.swift; path = HomeViewController.swift; sourceTree = "<group>"; };
		1FDF25212B63D48E003E4F61 /* HomeViewController.xib */ = {isa = PBXFileReference; lastKnownFileType = file.xib; path = HomeViewController.xib; sourceTree = "<group>"; };
		1FDF25242B63D4A3003E4F61 /* VideosViewController.swift */ = {isa = PBXFileReference; lastKnownFileType = sourcecode.swift; path = VideosViewController.swift; sourceTree = "<group>"; };
		1FDF25252B63D4A3003E4F61 /* VideosViewController.xib */ = {isa = PBXFileReference; lastKnownFileType = file.xib; path = VideosViewController.xib; sourceTree = "<group>"; };
		1FDF25282B63D4B6003E4F61 /* PlaylistsViewController.swift */ = {isa = PBXFileReference; lastKnownFileType = sourcecode.swift; path = PlaylistsViewController.swift; sourceTree = "<group>"; };
		1FDF25292B63D4B6003E4F61 /* PlaylistsViewController.xib */ = {isa = PBXFileReference; lastKnownFileType = file.xib; path = PlaylistsViewController.xib; sourceTree = "<group>"; };
		1FDF252C2B63D4CF003E4F61 /* ChannelsViewController.swift */ = {isa = PBXFileReference; lastKnownFileType = sourcecode.swift; path = ChannelsViewController.swift; sourceTree = "<group>"; };
		1FDF252D2B63D4CF003E4F61 /* ChannelsViewController.xib */ = {isa = PBXFileReference; lastKnownFileType = file.xib; path = ChannelsViewController.xib; sourceTree = "<group>"; };
		1FDF25302B63D4E1003E4F61 /* AboutViewController.swift */ = {isa = PBXFileReference; lastKnownFileType = sourcecode.swift; path = AboutViewController.swift; sourceTree = "<group>"; };
		1FDF25312B63D4E1003E4F61 /* AboutViewController.xib */ = {isa = PBXFileReference; lastKnownFileType = file.xib; path = AboutViewController.xib; sourceTree = "<group>"; };
		1FDFFDFF2B6972280015FC47 /* ServiceLayer.swift */ = {isa = PBXFileReference; lastKnownFileType = sourcecode.swift; path = ServiceLayer.swift; sourceTree = "<group>"; };
		1FDFFE012B69724B0015FC47 /* NetworkError.swift */ = {isa = PBXFileReference; lastKnownFileType = sourcecode.swift; path = NetworkError.swift; sourceTree = "<group>"; };
		1FF36F1A2B6024B0004A879A /* YoutubeClone.app */ = {isa = PBXFileReference; explicitFileType = wrapper.application; includeInIndex = 0; path = YoutubeClone.app; sourceTree = BUILT_PRODUCTS_DIR; };
		1FF36F1D2B6024B0004A879A /* AppDelegate.swift */ = {isa = PBXFileReference; lastKnownFileType = sourcecode.swift; path = AppDelegate.swift; sourceTree = "<group>"; };
		1FF36F1F2B6024B0004A879A /* SceneDelegate.swift */ = {isa = PBXFileReference; lastKnownFileType = sourcecode.swift; path = SceneDelegate.swift; sourceTree = "<group>"; };
		1FF36F212B6024B0004A879A /* ViewController.swift */ = {isa = PBXFileReference; lastKnownFileType = sourcecode.swift; path = ViewController.swift; sourceTree = "<group>"; };
		1FF36F242B6024B0004A879A /* Base */ = {isa = PBXFileReference; lastKnownFileType = file.storyboard; name = Base; path = Base.lproj/Main.storyboard; sourceTree = "<group>"; };
		1FF36F262B6024B2004A879A /* Assets.xcassets */ = {isa = PBXFileReference; lastKnownFileType = folder.assetcatalog; path = Assets.xcassets; sourceTree = "<group>"; };
		1FF36F292B6024B2004A879A /* Base */ = {isa = PBXFileReference; lastKnownFileType = file.storyboard; name = Base; path = Base.lproj/LaunchScreen.storyboard; sourceTree = "<group>"; };
		1FF36F2B2B6024B2004A879A /* Info.plist */ = {isa = PBXFileReference; lastKnownFileType = text.plist.xml; path = Info.plist; sourceTree = "<group>"; };
/* End PBXFileReference section */

/* Begin PBXFrameworksBuildPhase section */
		1FF36F172B6024B0004A879A /* Frameworks */ = {
			isa = PBXFrameworksBuildPhase;
			buildActionMask = 2147483647;
			files = (
			);
			runOnlyForDeploymentPostprocessing = 0;
		};
/* End PBXFrameworksBuildPhase section */

/* Begin PBXGroup section */
		1F954E9D2B6BAE04002C7C92 /* Utils */ = {
			isa = PBXGroup;
			children = (
				1F954E9E2B6BAE21002C7C92 /* Constants.swift */,
			);
			path = Utils;
			sourceTree = "<group>";
		};
		1FAAF6042B62D76E00A5D74C /* Model */ = {
			isa = PBXGroup;
			children = (
				1FAAF6052B62D7A700A5D74C /* PlayListModel.swift */,
				1FDF25102B63BA25003E4F61 /* VideoModel.swift */,
				1FDF25122B63CD6F003E4F61 /* ChannelModel.swift */,
				1FDF25142B63D011003E4F61 /* PlaylistItemsModel.swift */,
			);
			path = Model;
			sourceTree = "<group>";
		};
		1FDF25162B63D24F003E4F61 /* Main */ = {
			isa = PBXGroup;
			children = (
				1FDF25172B63D2AA003E4F61 /* RootPageViewController.swift */,
				1FDF25192B63D2D4003E4F61 /* MainViewController.swift */,
			);
			path = Main;
			sourceTree = "<group>";
		};
		1FDF251B2B63D42A003E4F61 /* Home */ = {
			isa = PBXGroup;
			children = (
				1FDF25202B63D48E003E4F61 /* HomeViewController.swift */,
				1FDF25212B63D48E003E4F61 /* HomeViewController.xib */,
			);
			path = Home;
			sourceTree = "<group>";
		};
		1FDF251C2B63D441003E4F61 /* Videos */ = {
			isa = PBXGroup;
			children = (
				1FDF25242B63D4A3003E4F61 /* VideosViewController.swift */,
				1FDF25252B63D4A3003E4F61 /* VideosViewController.xib */,
			);
			path = Videos;
			sourceTree = "<group>";
		};
		1FDF251D2B63D44B003E4F61 /* Playlists */ = {
			isa = PBXGroup;
			children = (
				1FDF25282B63D4B6003E4F61 /* PlaylistsViewController.swift */,
				1FDF25292B63D4B6003E4F61 /* PlaylistsViewController.xib */,
			);
			path = Playlists;
			sourceTree = "<group>";
		};
		1FDF251E2B63D459003E4F61 /* Channels */ = {
			isa = PBXGroup;
			children = (
				1FDF252C2B63D4CF003E4F61 /* ChannelsViewController.swift */,
				1FDF252D2B63D4CF003E4F61 /* ChannelsViewController.xib */,
			);
			path = Channels;
			sourceTree = "<group>";
		};
		1FDF251F2B63D462003E4F61 /* About */ = {
			isa = PBXGroup;
			children = (
				1FDF25302B63D4E1003E4F61 /* AboutViewController.swift */,
				1FDF25312B63D4E1003E4F61 /* AboutViewController.xib */,
			);
			path = About;
			sourceTree = "<group>";
		};
		1FDFFDFE2B695FB10015FC47 /* ServiceLayer */ = {
			isa = PBXGroup;
			children = (
				1FDFFDFF2B6972280015FC47 /* ServiceLayer.swift */,
				1FDFFE012B69724B0015FC47 /* NetworkError.swift */,
				1F954E9B2B6BABE6002C7C92 /* RequestModel.swift */,
			);
			path = ServiceLayer;
			sourceTree = "<group>";
		};
		1FF36F112B6024B0004A879A = {
			isa = PBXGroup;
			children = (
				1FF36F1C2B6024B0004A879A /* YoutubeClone */,
				1FF36F1B2B6024B0004A879A /* Products */,
			);
			sourceTree = "<group>";
		};
		1FF36F1B2B6024B0004A879A /* Products */ = {
			isa = PBXGroup;
			children = (
				1FF36F1A2B6024B0004A879A /* YoutubeClone.app */,
			);
			name = Products;
			sourceTree = "<group>";
		};
		1FF36F1C2B6024B0004A879A /* YoutubeClone */ = {
			isa = PBXGroup;
			children = (
				1F954E9D2B6BAE04002C7C92 /* Utils */,
				1FDFFDFE2B695FB10015FC47 /* ServiceLayer */,
				1FDF251F2B63D462003E4F61 /* About */,
				1FDF251E2B63D459003E4F61 /* Channels */,
				1FDF251D2B63D44B003E4F61 /* Playlists */,
				1FDF251C2B63D441003E4F61 /* Videos */,
				1FDF251B2B63D42A003E4F61 /* Home */,
				1FDF25162B63D24F003E4F61 /* Main */,
				1FAAF6042B62D76E00A5D74C /* Model */,
				1FF36F1D2B6024B0004A879A /* AppDelegate.swift */,
				1FF36F1F2B6024B0004A879A /* SceneDelegate.swift */,
				1FF36F212B6024B0004A879A /* ViewController.swift */,
				1FF36F232B6024B0004A879A /* Main.storyboard */,
				1FF36F262B6024B2004A879A /* Assets.xcassets */,
				1FF36F282B6024B2004A879A /* LaunchScreen.storyboard */,
				1FF36F2B2B6024B2004A879A /* Info.plist */,
			);
			path = YoutubeClone;
			sourceTree = "<group>";
		};
/* End PBXGroup section */

/* Begin PBXNativeTarget section */
		1FF36F192B6024B0004A879A /* YoutubeClone */ = {
			isa = PBXNativeTarget;
			buildConfigurationList = 1FF36F2E2B6024B2004A879A /* Build configuration list for PBXNativeTarget "YoutubeClone" */;
			buildPhases = (
				1FF36F162B6024B0004A879A /* Sources */,
				1FF36F172B6024B0004A879A /* Frameworks */,
				1FF36F182B6024B0004A879A /* Resources */,
			);
			buildRules = (
			);
			dependencies = (
			);
			name = YoutubeClone;
			productName = YoutubeClone;
			productReference = 1FF36F1A2B6024B0004A879A /* YoutubeClone.app */;
			productType = "com.apple.product-type.application";
		};
/* End PBXNativeTarget section */

/* Begin PBXProject section */
		1FF36F122B6024B0004A879A /* Project object */ = {
			isa = PBXProject;
			attributes = {
				BuildIndependentTargetsInParallel = 1;
				LastSwiftUpdateCheck = 1420;
				LastUpgradeCheck = 1420;
				TargetAttributes = {
					1FF36F192B6024B0004A879A = {
						CreatedOnToolsVersion = 14.2;
					};
				};
			};
			buildConfigurationList = 1FF36F152B6024B0004A879A /* Build configuration list for PBXProject "YoutubeClone" */;
			compatibilityVersion = "Xcode 14.0";
			developmentRegion = en;
			hasScannedForEncodings = 0;
			knownRegions = (
				en,
				Base,
			);
			mainGroup = 1FF36F112B6024B0004A879A;
			productRefGroup = 1FF36F1B2B6024B0004A879A /* Products */;
			projectDirPath = "";
			projectRoot = "";
			targets = (
				1FF36F192B6024B0004A879A /* YoutubeClone */,
			);
		};
/* End PBXProject section */

/* Begin PBXResourcesBuildPhase section */
		1FF36F182B6024B0004A879A /* Resources */ = {
			isa = PBXResourcesBuildPhase;
			buildActionMask = 2147483647;
			files = (
				1FDF252B2B63D4B6003E4F61 /* PlaylistsViewController.xib in Resources */,
				1FF36F2A2B6024B2004A879A /* LaunchScreen.storyboard in Resources */,
				1FDF25332B63D4E1003E4F61 /* AboutViewController.xib in Resources */,
				1FF36F272B6024B2004A879A /* Assets.xcassets in Resources */,
				1FDF25272B63D4A3003E4F61 /* VideosViewController.xib in Resources */,
				1FF36F252B6024B0004A879A /* Main.storyboard in Resources */,
				1FDF25232B63D48E003E4F61 /* HomeViewController.xib in Resources */,
				1FDF252F2B63D4CF003E4F61 /* ChannelsViewController.xib in Resources */,
			);
			runOnlyForDeploymentPostprocessing = 0;
		};
/* End PBXResourcesBuildPhase section */

/* Begin PBXSourcesBuildPhase section */
		1FF36F162B6024B0004A879A /* Sources */ = {
			isa = PBXSourcesBuildPhase;
			buildActionMask = 2147483647;
			files = (
				1FF36F222B6024B0004A879A /* ViewController.swift in Sources */,
				1FDFFE022B69724B0015FC47 /* NetworkError.swift in Sources */,
				1FDF25132B63CD6F003E4F61 /* ChannelModel.swift in Sources */,
				1FDF25262B63D4A3003E4F61 /* VideosViewController.swift in Sources */,
				1FAAF6062B62D7A700A5D74C /* PlayListModel.swift in Sources */,
				1FDF252A2B63D4B6003E4F61 /* PlaylistsViewController.swift in Sources */,
				1F954E9C2B6BABE6002C7C92 /* RequestModel.swift in Sources */,
				1FF36F1E2B6024B0004A879A /* AppDelegate.swift in Sources */,
				1FDF25112B63BA25003E4F61 /* VideoModel.swift in Sources */,
				1FDF25222B63D48E003E4F61 /* HomeViewController.swift in Sources */,
				1FF36F202B6024B0004A879A /* SceneDelegate.swift in Sources */,
				1FDF251A2B63D2D4003E4F61 /* MainViewController.swift in Sources */,
				1FDFFE002B6972280015FC47 /* ServiceLayer.swift in Sources */,
				1FDF25322B63D4E1003E4F61 /* AboutViewController.swift in Sources */,
				1FDF252E2B63D4CF003E4F61 /* ChannelsViewController.swift in Sources */,
				1FDF25152B63D011003E4F61 /* PlaylistItemsModel.swift in Sources */,
				1FDF25182B63D2AA003E4F61 /* RootPageViewController.swift in Sources */,
				1F954E9F2B6BAE21002C7C92 /* Constants.swift in Sources */,
			);
			runOnlyForDeploymentPostprocessing = 0;
		};
/* End PBXSourcesBuildPhase section */

/* Begin PBXVariantGroup section */
		1FF36F232B6024B0004A879A /* Main.storyboard */ = {
			isa = PBXVariantGroup;
			children = (
				1FF36F242B6024B0004A879A /* Base */,
			);
			name = Main.storyboard;
			sourceTree = "<group>";
		};
		1FF36F282B6024B2004A879A /* LaunchScreen.storyboard */ = {
			isa = PBXVariantGroup;
			children = (
				1FF36F292B6024B2004A879A /* Base */,
			);
			name = LaunchScreen.storyboard;
			sourceTree = "<group>";
		};
/* End PBXVariantGroup section */

/* Begin XCBuildConfiguration section */
		1FF36F2C2B6024B2004A879A /* Debug */ = {
			isa = XCBuildConfiguration;
			buildSettings = {
				ALWAYS_SEARCH_USER_PATHS = NO;
				CLANG_ANALYZER_NONNULL = YES;
				CLANG_ANALYZER_NUMBER_OBJECT_CONVERSION = YES_AGGRESSIVE;
				CLANG_CXX_LANGUAGE_STANDARD = "gnu++20";
				CLANG_ENABLE_MODULES = YES;
				CLANG_ENABLE_OBJC_ARC = YES;
				CLANG_ENABLE_OBJC_WEAK = YES;
				CLANG_WARN_BLOCK_CAPTURE_AUTORELEASING = YES;
				CLANG_WARN_BOOL_CONVERSION = YES;
				CLANG_WARN_COMMA = YES;
				CLANG_WARN_CONSTANT_CONVERSION = YES;
				CLANG_WARN_DEPRECATED_OBJC_IMPLEMENTATIONS = YES;
				CLANG_WARN_DIRECT_OBJC_ISA_USAGE = YES_ERROR;
				CLANG_WARN_DOCUMENTATION_COMMENTS = YES;
				CLANG_WARN_EMPTY_BODY = YES;
				CLANG_WARN_ENUM_CONVERSION = YES;
				CLANG_WARN_INFINITE_RECURSION = YES;
				CLANG_WARN_INT_CONVERSION = YES;
				CLANG_WARN_NON_LITERAL_NULL_CONVERSION = YES;
				CLANG_WARN_OBJC_IMPLICIT_RETAIN_SELF = YES;
				CLANG_WARN_OBJC_LITERAL_CONVERSION = YES;
				CLANG_WARN_OBJC_ROOT_CLASS = YES_ERROR;
				CLANG_WARN_QUOTED_INCLUDE_IN_FRAMEWORK_HEADER = YES;
				CLANG_WARN_RANGE_LOOP_ANALYSIS = YES;
				CLANG_WARN_STRICT_PROTOTYPES = YES;
				CLANG_WARN_SUSPICIOUS_MOVE = YES;
				CLANG_WARN_UNGUARDED_AVAILABILITY = YES_AGGRESSIVE;
				CLANG_WARN_UNREACHABLE_CODE = YES;
				CLANG_WARN__DUPLICATE_METHOD_MATCH = YES;
				COPY_PHASE_STRIP = NO;
				DEBUG_INFORMATION_FORMAT = dwarf;
				ENABLE_STRICT_OBJC_MSGSEND = YES;
				ENABLE_TESTABILITY = YES;
				GCC_C_LANGUAGE_STANDARD = gnu11;
				GCC_DYNAMIC_NO_PIC = NO;
				GCC_NO_COMMON_BLOCKS = YES;
				GCC_OPTIMIZATION_LEVEL = 0;
				GCC_PREPROCESSOR_DEFINITIONS = (
					"DEBUG=1",
					"$(inherited)",
				);
				GCC_WARN_64_TO_32_BIT_CONVERSION = YES;
				GCC_WARN_ABOUT_RETURN_TYPE = YES_ERROR;
				GCC_WARN_UNDECLARED_SELECTOR = YES;
				GCC_WARN_UNINITIALIZED_AUTOS = YES_AGGRESSIVE;
				GCC_WARN_UNUSED_FUNCTION = YES;
				GCC_WARN_UNUSED_VARIABLE = YES;
				IPHONEOS_DEPLOYMENT_TARGET = 16.2;
				MTL_ENABLE_DEBUG_INFO = INCLUDE_SOURCE;
				MTL_FAST_MATH = YES;
				ONLY_ACTIVE_ARCH = YES;
				SDKROOT = iphoneos;
				SWIFT_ACTIVE_COMPILATION_CONDITIONS = DEBUG;
				SWIFT_OPTIMIZATION_LEVEL = "-Onone";
			};
			name = Debug;
		};
		1FF36F2D2B6024B2004A879A /* Release */ = {
			isa = XCBuildConfiguration;
			buildSettings = {
				ALWAYS_SEARCH_USER_PATHS = NO;
				CLANG_ANALYZER_NONNULL = YES;
				CLANG_ANALYZER_NUMBER_OBJECT_CONVERSION = YES_AGGRESSIVE;
				CLANG_CXX_LANGUAGE_STANDARD = "gnu++20";
				CLANG_ENABLE_MODULES = YES;
				CLANG_ENABLE_OBJC_ARC = YES;
				CLANG_ENABLE_OBJC_WEAK = YES;
				CLANG_WARN_BLOCK_CAPTURE_AUTORELEASING = YES;
				CLANG_WARN_BOOL_CONVERSION = YES;
				CLANG_WARN_COMMA = YES;
				CLANG_WARN_CONSTANT_CONVERSION = YES;
				CLANG_WARN_DEPRECATED_OBJC_IMPLEMENTATIONS = YES;
				CLANG_WARN_DIRECT_OBJC_ISA_USAGE = YES_ERROR;
				CLANG_WARN_DOCUMENTATION_COMMENTS = YES;
				CLANG_WARN_EMPTY_BODY = YES;
				CLANG_WARN_ENUM_CONVERSION = YES;
				CLANG_WARN_INFINITE_RECURSION = YES;
				CLANG_WARN_INT_CONVERSION = YES;
				CLANG_WARN_NON_LITERAL_NULL_CONVERSION = YES;
				CLANG_WARN_OBJC_IMPLICIT_RETAIN_SELF = YES;
				CLANG_WARN_OBJC_LITERAL_CONVERSION = YES;
				CLANG_WARN_OBJC_ROOT_CLASS = YES_ERROR;
				CLANG_WARN_QUOTED_INCLUDE_IN_FRAMEWORK_HEADER = YES;
				CLANG_WARN_RANGE_LOOP_ANALYSIS = YES;
				CLANG_WARN_STRICT_PROTOTYPES = YES;
				CLANG_WARN_SUSPICIOUS_MOVE = YES;
				CLANG_WARN_UNGUARDED_AVAILABILITY = YES_AGGRESSIVE;
				CLANG_WARN_UNREACHABLE_CODE = YES;
				CLANG_WARN__DUPLICATE_METHOD_MATCH = YES;
				COPY_PHASE_STRIP = NO;
				DEBUG_INFORMATION_FORMAT = "dwarf-with-dsym";
				ENABLE_NS_ASSERTIONS = NO;
				ENABLE_STRICT_OBJC_MSGSEND = YES;
				GCC_C_LANGUAGE_STANDARD = gnu11;
				GCC_NO_COMMON_BLOCKS = YES;
				GCC_WARN_64_TO_32_BIT_CONVERSION = YES;
				GCC_WARN_ABOUT_RETURN_TYPE = YES_ERROR;
				GCC_WARN_UNDECLARED_SELECTOR = YES;
				GCC_WARN_UNINITIALIZED_AUTOS = YES_AGGRESSIVE;
				GCC_WARN_UNUSED_FUNCTION = YES;
				GCC_WARN_UNUSED_VARIABLE = YES;
				IPHONEOS_DEPLOYMENT_TARGET = 16.2;
				MTL_ENABLE_DEBUG_INFO = NO;
				MTL_FAST_MATH = YES;
				SDKROOT = iphoneos;
				SWIFT_COMPILATION_MODE = wholemodule;
				SWIFT_OPTIMIZATION_LEVEL = "-O";
				VALIDATE_PRODUCT = YES;
			};
			name = Release;
		};
		1FF36F2F2B6024B2004A879A /* Debug */ = {
			isa = XCBuildConfiguration;
			buildSettings = {
				ASSETCATALOG_COMPILER_APPICON_NAME = AppIcon;
				ASSETCATALOG_COMPILER_GLOBAL_ACCENT_COLOR_NAME = AccentColor;
				CODE_SIGN_STYLE = Automatic;
				CURRENT_PROJECT_VERSION = 1;
				DEVELOPMENT_TEAM = Z6336UHQ5Z;
				GENERATE_INFOPLIST_FILE = YES;
				INFOPLIST_FILE = YoutubeClone/Info.plist;
				INFOPLIST_KEY_UIApplicationSupportsIndirectInputEvents = YES;
				INFOPLIST_KEY_UILaunchStoryboardName = LaunchScreen;
				INFOPLIST_KEY_UIMainStoryboardFile = Main;
				INFOPLIST_KEY_UISupportedInterfaceOrientations_iPad = "UIInterfaceOrientationPortrait UIInterfaceOrientationPortraitUpsideDown UIInterfaceOrientationLandscapeLeft UIInterfaceOrientationLandscapeRight";
				INFOPLIST_KEY_UISupportedInterfaceOrientations_iPhone = "UIInterfaceOrientationPortrait UIInterfaceOrientationLandscapeLeft UIInterfaceOrientationLandscapeRight";
				LD_RUNPATH_SEARCH_PATHS = (
					"$(inherited)",
					"@executable_path/Frameworks",
				);
				MARKETING_VERSION = 1.0;
				PRODUCT_BUNDLE_IDENTIFIER = IBV.YoutubeClone;
				PRODUCT_NAME = "$(TARGET_NAME)";
				SWIFT_EMIT_LOC_STRINGS = YES;
				SWIFT_VERSION = 5.0;
				TARGETED_DEVICE_FAMILY = "1,2";
			};
			name = Debug;
		};
		1FF36F302B6024B2004A879A /* Release */ = {
			isa = XCBuildConfiguration;
			buildSettings = {
				ASSETCATALOG_COMPILER_APPICON_NAME = AppIcon;
				ASSETCATALOG_COMPILER_GLOBAL_ACCENT_COLOR_NAME = AccentColor;
				CODE_SIGN_STYLE = Automatic;
				CURRENT_PROJECT_VERSION = 1;
				DEVELOPMENT_TEAM = Z6336UHQ5Z;
				GENERATE_INFOPLIST_FILE = YES;
				INFOPLIST_FILE = YoutubeClone/Info.plist;
				INFOPLIST_KEY_UIApplicationSupportsIndirectInputEvents = YES;
				INFOPLIST_KEY_UILaunchStoryboardName = LaunchScreen;
				INFOPLIST_KEY_UIMainStoryboardFile = Main;
				INFOPLIST_KEY_UISupportedInterfaceOrientations_iPad = "UIInterfaceOrientationPortrait UIInterfaceOrientationPortraitUpsideDown UIInterfaceOrientationLandscapeLeft UIInterfaceOrientationLandscapeRight";
				INFOPLIST_KEY_UISupportedInterfaceOrientations_iPhone = "UIInterfaceOrientationPortrait UIInterfaceOrientationLandscapeLeft UIInterfaceOrientationLandscapeRight";
				LD_RUNPATH_SEARCH_PATHS = (
					"$(inherited)",
					"@executable_path/Frameworks",
				);
				MARKETING_VERSION = 1.0;
				PRODUCT_BUNDLE_IDENTIFIER = IBV.YoutubeClone;
				PRODUCT_NAME = "$(TARGET_NAME)";
				SWIFT_EMIT_LOC_STRINGS = YES;
				SWIFT_VERSION = 5.0;
				TARGETED_DEVICE_FAMILY = "1,2";
			};
			name = Release;
		};
/* End XCBuildConfiguration section */

/* Begin XCConfigurationList section */
		1FF36F152B6024B0004A879A /* Build configuration list for PBXProject "YoutubeClone" */ = {
			isa = XCConfigurationList;
			buildConfigurations = (
				1FF36F2C2B6024B2004A879A /* Debug */,
				1FF36F2D2B6024B2004A879A /* Release */,
			);
			defaultConfigurationIsVisible = 0;
			defaultConfigurationName = Release;
		};
		1FF36F2E2B6024B2004A879A /* Build configuration list for PBXNativeTarget "YoutubeClone" */ = {
			isa = XCConfigurationList;
			buildConfigurations = (
				1FF36F2F2B6024B2004A879A /* Debug */,
				1FF36F302B6024B2004A879A /* Release */,
			);
			defaultConfigurationIsVisible = 0;
			defaultConfigurationName = Release;
		};
/* End XCConfigurationList section */
	};
	rootObject = 1FF36F122B6024B0004A879A /* Project object */;
}
